
Microsoft Visual Studio Solution File, Format Version 12.00
# Visual Studio Version 16
VisualStudioVersion = 16.0.32802.440
MinimumVisualStudioVersion = 10.0.40219.1
Project("{FAE04EC0-301F-11D3-BF4B-00C04F79EFBC}") = "LoginAuth", "LoginAuth\LoginAuth.csproj", "{AE51B4ED-9A0F-402F-818A-17A83EA06EF7}"
EndProject
Global
	GlobalSection(SolutionConfigurationPlatforms) = preSolution
		Debug|Any CPU = Debug|Any CPU
		Release|Any CPU = Release|Any CPU
	EndGlobalSection
	GlobalSection(ProjectConfigurationPlatforms) = postSolution
		{AE51B4ED-9A0F-402F-818A-17A83EA06EF7}.Debug|Any CPU.ActiveCfg = Debug|Any CPU
		{AE51B4ED-9A0F-402F-818A-17A83EA06EF7}.Debug|Any CPU.Build.0 = Debug|Any CPU
		{AE51B4ED-9A0F-402F-818A-17A83EA06EF7}.Release|Any CPU.ActiveCfg = Release|Any CPU
		{AE51B4ED-9A0F-402F-818A-17A83EA06EF7}.Release|Any CPU.Build.0 = Release|Any CPU
	EndGlobalSection
	GlobalSection(SolutionProperties) = preSolution
		HideSolutionNode = FALSE
	EndGlobalSection
	GlobalSection(ExtensibilityGlobals) = postSolution
		SolutionGuid = {420CDE07-105E-4B5D-B57B-C6F62A9FCC0C}
	EndGlobalSection
EndGlobal
